// !$*UTF8*$!
{
	archiveVersion = 1;
	classes = {
	};
	objectVersion = 55;
	objects = {

/* Begin PBXBuildFile section */
		7418AFCE27AC0F5E00F83CC8 /* AppDelegate.swift in Sources */ = {isa = PBXBuildFile; fileRef = 7418AFCD27AC0F5E00F83CC8 /* AppDelegate.swift */; };
		7418AFD027AC0F5E00F83CC8 /* SceneDelegate.swift in Sources */ = {isa = PBXBuildFile; fileRef = 7418AFCF27AC0F5E00F83CC8 /* SceneDelegate.swift */; };
		7418AFD227AC0F5E00F83CC8 /* ViewController.swift in Sources */ = {isa = PBXBuildFile; fileRef = 7418AFD127AC0F5E00F83CC8 /* ViewController.swift */; };
		7418AFD527AC0F5E00F83CC8 /* Main.storyboard in Resources */ = {isa = PBXBuildFile; fileRef = 7418AFD327AC0F5E00F83CC8 /* Main.storyboard */; };
		7418AFD727AC0F5F00F83CC8 /* Assets.xcassets in Resources */ = {isa = PBXBuildFile; fileRef = 7418AFD627AC0F5F00F83CC8 /* Assets.xcassets */; };
		7418AFDA27AC0F5F00F83CC8 /* LaunchScreen.storyboard in Resources */ = {isa = PBXBuildFile; fileRef = 7418AFD827AC0F5F00F83CC8 /* LaunchScreen.storyboard */; };
		7418AFE527AC0F5F00F83CC8 /* lightOnTests.swift in Sources */ = {isa = PBXBuildFile; fileRef = 7418AFE427AC0F5F00F83CC8 /* lightOnTests.swift */; };
		7418AFEF27AC0F5F00F83CC8 /* lightOnUITests.swift in Sources */ = {isa = PBXBuildFile; fileRef = 7418AFEE27AC0F5F00F83CC8 /* lightOnUITests.swift */; };
		7418AFF127AC0F5F00F83CC8 /* lightOnUITestsLaunchTests.swift in Sources */ = {isa = PBXBuildFile; fileRef = 7418AFF027AC0F5F00F83CC8 /* lightOnUITestsLaunchTests.swift */; };
/* End PBXBuildFile section */

/* Begin PBXContainerItemProxy section */
		7418AFE127AC0F5F00F83CC8 /* PBXContainerItemProxy */ = {
			isa = PBXContainerItemProxy;
			containerPortal = 7418AFC227AC0F5E00F83CC8 /* Project object */;
			proxyType = 1;
			remoteGlobalIDString = 7418AFC927AC0F5E00F83CC8;
			remoteInfo = lightOn;
		};
		7418AFEB27AC0F5F00F83CC8 /* PBXContainerItemProxy */ = {
			isa = PBXContainerItemProxy;
			containerPortal = 7418AFC227AC0F5E00F83CC8 /* Project object */;
			proxyType = 1;
			remoteGlobalIDString = 7418AFC927AC0F5E00F83CC8;
			remoteInfo = lightOn;
		};
/* End PBXContainerItemProxy section */

/* Begin PBXFileReference section */
		7418AFCA27AC0F5E00F83CC8 /* lightOn.app */ = {isa = PBXFileReference; explicitFileType = wrapper.application; includeInIndex = 0; path = lightOn.app; sourceTree = BUILT_PRODUCTS_DIR; };
		7418AFCD27AC0F5E00F83CC8 /* AppDelegate.swift */ = {isa = PBXFileReference; lastKnownFileType = sourcecode.swift; path = AppDelegate.swift; sourceTree = "<group>"; };
		7418AFCF27AC0F5E00F83CC8 /* SceneDelegate.swift */ = {isa = PBXFileReference; lastKnownFileType = sourcecode.swift; path = SceneDelegate.swift; sourceTree = "<group>"; };
		7418AFD127AC0F5E00F83CC8 /* ViewController.swift */ = {isa = PBXFileReference; lastKnownFileType = sourcecode.swift; path = ViewController.swift; sourceTree = "<group>"; };
		7418AFD427AC0F5E00F83CC8 /* Base */ = {isa = PBXFileReference; lastKnownFileType = file.storyboard; name = Base; path = Base.lproj/Main.storyboard; sourceTree = "<group>"; };
		7418AFD627AC0F5F00F83CC8 /* Assets.xcassets */ = {isa = PBXFileReference; lastKnownFileType = folder.assetcatalog; path = Assets.xcassets; sourceTree = "<group>"; };
		7418AFD927AC0F5F00F83CC8 /* Base */ = {isa = PBXFileReference; lastKnownFileType = file.storyboard; name = Base; path = Base.lproj/LaunchScreen.storyboard; sourceTree = "<group>"; };
		7418AFDB27AC0F5F00F83CC8 /* Info.plist */ = {isa = PBXFileReference; lastKnownFileType = text.plist.xml; path = Info.plist; sourceTree = "<group>"; };
		7418AFE027AC0F5F00F83CC8 /* lightOnTests.xctest */ = {isa = PBXFileReference; explicitFileType = wrapper.cfbundle; includeInIndex = 0; path = lightOnTests.xctest; sourceTree = BUILT_PRODUCTS_DIR; };
		7418AFE427AC0F5F00F83CC8 /* lightOnTests.swift */ = {isa = PBXFileReference; lastKnownFileType = sourcecode.swift; path = lightOnTests.swift; sourceTree = "<group>"; };
		7418AFEA27AC0F5F00F83CC8 /* lightOnUITests.xctest */ = {isa = PBXFileReference; explicitFileType = wrapper.cfbundle; includeInIndex = 0; path = lightOnUITests.xctest; sourceTree = BUILT_PRODUCTS_DIR; };
		7418AFEE27AC0F5F00F83CC8 /* lightOnUITests.swift */ = {isa = PBXFileReference; lastKnownFileType = sourcecode.swift; path = lightOnUITests.swift; sourceTree = "<group>"; };
		7418AFF027AC0F5F00F83CC8 /* lightOnUITestsLaunchTests.swift */ = {isa = PBXFileReference; lastKnownFileType = sourcecode.swift; path = lightOnUITestsLaunchTests.swift; sourceTree = "<group>"; };
/* End PBXFileReference section */

/* Begin PBXFrameworksBuildPhase section */
		7418AFC727AC0F5E00F83CC8 /* Frameworks */ = {
			isa = PBXFrameworksBuildPhase;
			buildActionMask = 2147483647;
			files = (
			);
			runOnlyForDeploymentPostprocessing = 0;
		};
		7418AFDD27AC0F5F00F83CC8 /* Frameworks */ = {
			isa = PBXFrameworksBuildPhase;
			buildActionMask = 2147483647;
			files = (
			);
			runOnlyForDeploymentPostprocessing = 0;
		};
		7418AFE727AC0F5F00F83CC8 /* Frameworks */ = {
			isa = PBXFrameworksBuildPhase;
			buildActionMask = 2147483647;
			files = (
			);
			runOnlyForDeploymentPostprocessing = 0;
		};
/* End PBXFrameworksBuildPhase section */

/* Begin PBXGroup section */
		7418AFC127AC0F5E00F83CC8 = {
			isa = PBXGroup;
			children = (
				7418AFCC27AC0F5E00F83CC8 /* lightOn */,
				7418AFE327AC0F5F00F83CC8 /* lightOnTests */,
				7418AFED27AC0F5F00F83CC8 /* lightOnUITests */,
				7418AFCB27AC0F5E00F83CC8 /* Products */,
			);
			sourceTree = "<group>";
		};
		7418AFCB27AC0F5E00F83CC8 /* Products */ = {
			isa = PBXGroup;
			children = (
				7418AFCA27AC0F5E00F83CC8 /* lightOn.app */,
				7418AFE027AC0F5F00F83CC8 /* lightOnTests.xctest */,
				7418AFEA27AC0F5F00F83CC8 /* lightOnUITests.xctest */,
			);
			name = Products;
			sourceTree = "<group>";
		};
		7418AFCC27AC0F5E00F83CC8 /* lightOn */ = {
			isa = PBXGroup;
			children = (
				7418AFCD27AC0F5E00F83CC8 /* AppDelegate.swift */,
				7418AFCF27AC0F5E00F83CC8 /* SceneDelegate.swift */,
				7418AFD127AC0F5E00F83CC8 /* ViewController.swift */,
				7418AFD327AC0F5E00F83CC8 /* Main.storyboard */,
				7418AFD627AC0F5F00F83CC8 /* Assets.xcassets */,
				7418AFD827AC0F5F00F83CC8 /* LaunchScreen.storyboard */,
				7418AFDB27AC0F5F00F83CC8 /* Info.plist */,
			);
			path = lightOn;
			sourceTree = "<group>";
		};
		7418AFE327AC0F5F00F83CC8 /* lightOnTests */ = {
			isa = PBXGroup;
			children = (
				7418AFE427AC0F5F00F83CC8 /* lightOnTests.swift */,
			);
			path = lightOnTests;
			sourceTree = "<group>";
		};
		7418AFED27AC0F5F00F83CC8 /* lightOnUITests */ = {
			isa = PBXGroup;
			children = (
				7418AFEE27AC0F5F00F83CC8 /* lightOnUITests.swift */,
				7418AFF027AC0F5F00F83CC8 /* lightOnUITestsLaunchTests.swift */,
			);
			path = lightOnUITests;
			sourceTree = "<group>";
		};
/* End PBXGroup section */

/* Begin PBXNativeTarget section */
		7418AFC927AC0F5E00F83CC8 /* lightOn */ = {
			isa = PBXNativeTarget;
			buildConfigurationList = 7418AFF427AC0F5F00F83CC8 /* Build configuration list for PBXNativeTarget "lightOn" */;
			buildPhases = (
				7418AFC627AC0F5E00F83CC8 /* Sources */,
				7418AFC727AC0F5E00F83CC8 /* Frameworks */,
				7418AFC827AC0F5E00F83CC8 /* Resources */,
			);
			buildRules = (
			);
			dependencies = (
			);
			name = lightOn;
			productName = lightOn;
			productReference = 7418AFCA27AC0F5E00F83CC8 /* lightOn.app */;
			productType = "com.apple.product-type.application";
		};
		7418AFDF27AC0F5F00F83CC8 /* lightOnTests */ = {
			isa = PBXNativeTarget;
			buildConfigurationList = 7418AFF727AC0F5F00F83CC8 /* Build configuration list for PBXNativeTarget "lightOnTests" */;
			buildPhases = (
				7418AFDC27AC0F5F00F83CC8 /* Sources */,
				7418AFDD27AC0F5F00F83CC8 /* Frameworks */,
				7418AFDE27AC0F5F00F83CC8 /* Resources */,
			);
			buildRules = (
			);
			dependencies = (
				7418AFE227AC0F5F00F83CC8 /* PBXTargetDependency */,
			);
			name = lightOnTests;
			productName = lightOnTests;
			productReference = 7418AFE027AC0F5F00F83CC8 /* lightOnTests.xctest */;
			productType = "com.apple.product-type.bundle.unit-test";
		};
		7418AFE927AC0F5F00F83CC8 /* lightOnUITests */ = {
			isa = PBXNativeTarget;
			buildConfigurationList = 7418AFFA27AC0F5F00F83CC8 /* Build configuration list for PBXNativeTarget "lightOnUITests" */;
			buildPhases = (
				7418AFE627AC0F5F00F83CC8 /* Sources */,
				7418AFE727AC0F5F00F83CC8 /* Frameworks */,
				7418AFE827AC0F5F00F83CC8 /* Resources */,
			);
			buildRules = (
			);
			dependencies = (
				7418AFEC27AC0F5F00F83CC8 /* PBXTargetDependency */,
			);
			name = lightOnUITests;
			productName = lightOnUITests;
			productReference = 7418AFEA27AC0F5F00F83CC8 /* lightOnUITests.xctest */;
			productType = "com.apple.product-type.bundle.ui-testing";
		};
/* End PBXNativeTarget section */

/* Begin PBXProject section */
		7418AFC227AC0F5E00F83CC8 /* Project object */ = {
			isa = PBXProject;
			attributes = {
				BuildIndependentTargetsInParallel = 1;
				LastSwiftUpdateCheck = 1320;
				LastUpgradeCheck = 1320;
				TargetAttributes = {
					7418AFC927AC0F5E00F83CC8 = {
						CreatedOnToolsVersion = 13.2.1;
					};
					7418AFDF27AC0F5F00F83CC8 = {
						CreatedOnToolsVersion = 13.2.1;
						TestTargetID = 7418AFC927AC0F5E00F83CC8;
					};
					7418AFE927AC0F5F00F83CC8 = {
						CreatedOnToolsVersion = 13.2.1;
						TestTargetID = 7418AFC927AC0F5E00F83CC8;
					};
				};
			};
			buildConfigurationList = 7418AFC527AC0F5E00F83CC8 /* Build configuration list for PBXProject "lightOn" */;
			compatibilityVersion = "Xcode 13.0";
			developmentRegion = en;
			hasScannedForEncodings = 0;
			knownRegions = (
				en,
				Base,
			);
			mainGroup = 7418AFC127AC0F5E00F83CC8;
			productRefGroup = 7418AFCB27AC0F5E00F83CC8 /* Products */;
			projectDirPath = "";
			projectRoot = "";
			targets = (
				7418AFC927AC0F5E00F83CC8 /* lightOn */,
				7418AFDF27AC0F5F00F83CC8 /* lightOnTests */,
				7418AFE927AC0F5F00F83CC8 /* lightOnUITests */,
			);
		};
/* End PBXProject section */

/* Begin PBXResourcesBuildPhase section */
		7418AFC827AC0F5E00F83CC8 /* Resources */ = {
			isa = PBXResourcesBuildPhase;
			buildActionMask = 2147483647;
			files = (
				7418AFDA27AC0F5F00F83CC8 /* LaunchScreen.storyboard in Resources */,
				7418AFD727AC0F5F00F83CC8 /* Assets.xcassets in Resources */,
				7418AFD527AC0F5E00F83CC8 /* Main.storyboard in Resources */,
			);
			runOnlyForDeploymentPostprocessing = 0;
		};
		7418AFDE27AC0F5F00F83CC8 /* Resources */ = {
			isa = PBXResourcesBuildPhase;
			buildActionMask = 2147483647;
			files = (
			);
			runOnlyForDeploymentPostprocessing = 0;
		};
		7418AFE827AC0F5F00F83CC8 /* Resources */ = {
			isa = PBXResourcesBuildPhase;
			buildActionMask = 2147483647;
			files = (
			);
			runOnlyForDeploymentPostprocessing = 0;
		};
/* End PBXResourcesBuildPhase section */

/* Begin PBXSourcesBuildPhase section */
		7418AFC627AC0F5E00F83CC8 /* Sources */ = {
			isa = PBXSourcesBuildPhase;
			buildActionMask = 2147483647;
			files = (
				7418AFD227AC0F5E00F83CC8 /* ViewController.swift in Sources */,
				7418AFCE27AC0F5E00F83CC8 /* AppDelegate.swift in Sources */,
				7418AFD027AC0F5E00F83CC8 /* SceneDelegate.swift in Sources */,
			);
			runOnlyForDeploymentPostprocessing = 0;
		};
		7418AFDC27AC0F5F00F83CC8 /* Sources */ = {
			isa = PBXSourcesBuildPhase;
			buildActionMask = 2147483647;
			files = (
				7418AFE527AC0F5F00F83CC8 /* lightOnTests.swift in Sources */,
			);
			runOnlyForDeploymentPostprocessing = 0;
		};
		7418AFE627AC0F5F00F83CC8 /* Sources */ = {
			isa = PBXSourcesBuildPhase;
			buildActionMask = 2147483647;
			files = (
				7418AFF127AC0F5F00F83CC8 /* lightOnUITestsLaunchTests.swift in Sources */,
				7418AFEF27AC0F5F00F83CC8 /* lightOnUITests.swift in Sources */,
			);
			runOnlyForDeploymentPostprocessing = 0;
		};
/* End PBXSourcesBuildPhase section */

/* Begin PBXTargetDependency section */
		7418AFE227AC0F5F00F83CC8 /* PBXTargetDependency */ = {
			isa = PBXTargetDependency;
			target = 7418AFC927AC0F5E00F83CC8 /* lightOn */;
			targetProxy = 7418AFE127AC0F5F00F83CC8 /* PBXContainerItemProxy */;
		};
		7418AFEC27AC0F5F00F83CC8 /* PBXTargetDependency */ = {
			isa = PBXTargetDependency;
			target = 7418AFC927AC0F5E00F83CC8 /* lightOn */;
			targetProxy = 7418AFEB27AC0F5F00F83CC8 /* PBXContainerItemProxy */;
		};
/* End PBXTargetDependency section */

/* Begin PBXVariantGroup section */
		7418AFD327AC0F5E00F83CC8 /* Main.storyboard */ = {
			isa = PBXVariantGroup;
			children = (
				7418AFD427AC0F5E00F83CC8 /* Base */,
			);
			name = Main.storyboard;
			sourceTree = "<group>";
		};
		7418AFD827AC0F5F00F83CC8 /* LaunchScreen.storyboard */ = {
			isa = PBXVariantGroup;
			children = (
				7418AFD927AC0F5F00F83CC8 /* Base */,
			);
			name = LaunchScreen.storyboard;
			sourceTree = "<group>";
		};
/* End PBXVariantGroup section */

/* Begin XCBuildConfiguration section */
		7418AFF227AC0F5F00F83CC8 /* Debug */ = {
			isa = XCBuildConfiguration;
			buildSettings = {
				ALWAYS_SEARCH_USER_PATHS = NO;
				CLANG_ANALYZER_NONNULL = YES;
				CLANG_ANALYZER_NUMBER_OBJECT_CONVERSION = YES_AGGRESSIVE;
				CLANG_CXX_LANGUAGE_STANDARD = "gnu++17";
				CLANG_CXX_LIBRARY = "libc++";
				CLANG_ENABLE_MODULES = YES;
				CLANG_ENABLE_OBJC_ARC = YES;
				CLANG_ENABLE_OBJC_WEAK = YES;
				CLANG_WARN_BLOCK_CAPTURE_AUTORELEASING = YES;
				CLANG_WARN_BOOL_CONVERSION = YES;
				CLANG_WARN_COMMA = YES;
				CLANG_WARN_CONSTANT_CONVERSION = YES;
				CLANG_WARN_DEPRECATED_OBJC_IMPLEMENTATIONS = YES;
				CLANG_WARN_DIRECT_OBJC_ISA_USAGE = YES_ERROR;
				CLANG_WARN_DOCUMENTATION_COMMENTS = YES;
				CLANG_WARN_EMPTY_BODY = YES;
				CLANG_WARN_ENUM_CONVERSION = YES;
				CLANG_WARN_INFINITE_RECURSION = YES;
				CLANG_WARN_INT_CONVERSION = YES;
				CLANG_WARN_NON_LITERAL_NULL_CONVERSION = YES;
				CLANG_WARN_OBJC_IMPLICIT_RETAIN_SELF = YES;
				CLANG_WARN_OBJC_LITERAL_CONVERSION = YES;
				CLANG_WARN_OBJC_ROOT_CLASS = YES_ERROR;
				CLANG_WARN_QUOTED_INCLUDE_IN_FRAMEWORK_HEADER = YES;
				CLANG_WARN_RANGE_LOOP_ANALYSIS = YES;
				CLANG_WARN_STRICT_PROTOTYPES = YES;
				CLANG_WARN_SUSPICIOUS_MOVE = YES;
				CLANG_WARN_UNGUARDED_AVAILABILITY = YES_AGGRESSIVE;
				CLANG_WARN_UNREACHABLE_CODE = YES;
				CLANG_WARN__DUPLICATE_METHOD_MATCH = YES;
				COPY_PHASE_STRIP = NO;
				DEBUG_INFORMATION_FORMAT = dwarf;
				ENABLE_STRICT_OBJC_MSGSEND = YES;
				ENABLE_TESTABILITY = YES;
				GCC_C_LANGUAGE_STANDARD = gnu11;
				GCC_DYNAMIC_NO_PIC = NO;
				GCC_NO_COMMON_BLOCKS = YES;
				GCC_OPTIMIZATION_LEVEL = 0;
				GCC_PREPROCESSOR_DEFINITIONS = (
					"DEBUG=1",
					"$(inherited)",
				);
				GCC_WARN_64_TO_32_BIT_CONVERSION = YES;
				GCC_WARN_ABOUT_RETURN_TYPE = YES_ERROR;
				GCC_WARN_UNDECLARED_SELECTOR = YES;
				GCC_WARN_UNINITIALIZED_AUTOS = YES_AGGRESSIVE;
				GCC_WARN_UNUSED_FUNCTION = YES;
				GCC_WARN_UNUSED_VARIABLE = YES;
				IPHONEOS_DEPLOYMENT_TARGET = 15.2;
				MTL_ENABLE_DEBUG_INFO = INCLUDE_SOURCE;
				MTL_FAST_MATH = YES;
				ONLY_ACTIVE_ARCH = YES;
				SDKROOT = iphoneos;
				SWIFT_ACTIVE_COMPILATION_CONDITIONS = DEBUG;
				SWIFT_OPTIMIZATION_LEVEL = "-Onone";
			};
			name = Debug;
		};
		7418AFF327AC0F5F00F83CC8 /* Release */ = {
			isa = XCBuildConfiguration;
			buildSettings = {
				ALWAYS_SEARCH_USER_PATHS = NO;
				CLANG_ANALYZER_NONNULL = YES;
				CLANG_ANALYZER_NUMBER_OBJECT_CONVERSION = YES_AGGRESSIVE;
				CLANG_CXX_LANGUAGE_STANDARD = "gnu++17";
				CLANG_CXX_LIBRARY = "libc++";
				CLANG_ENABLE_MODULES = YES;
				CLANG_ENABLE_OBJC_ARC = YES;
				CLANG_ENABLE_OBJC_WEAK = YES;
				CLANG_WARN_BLOCK_CAPTURE_AUTORELEASING = YES;
				CLANG_WARN_BOOL_CONVERSION = YES;
				CLANG_WARN_COMMA = YES;
				CLANG_WARN_CONSTANT_CONVERSION = YES;
				CLANG_WARN_DEPRECATED_OBJC_IMPLEMENTATIONS = YES;
				CLANG_WARN_DIRECT_OBJC_ISA_USAGE = YES_ERROR;
				CLANG_WARN_DOCUMENTATION_COMMENTS = YES;
				CLANG_WARN_EMPTY_BODY = YES;
				CLANG_WARN_ENUM_CONVERSION = YES;
				CLANG_WARN_INFINITE_RECURSION = YES;
				CLANG_WARN_INT_CONVERSION = YES;
				CLANG_WARN_NON_LITERAL_NULL_CONVERSION = YES;
				CLANG_WARN_OBJC_IMPLICIT_RETAIN_SELF = YES;
				CLANG_WARN_OBJC_LITERAL_CONVERSION = YES;
				CLANG_WARN_OBJC_ROOT_CLASS = YES_ERROR;
				CLANG_WARN_QUOTED_INCLUDE_IN_FRAMEWORK_HEADER = YES;
				CLANG_WARN_RANGE_LOOP_ANALYSIS = YES;
				CLANG_WARN_STRICT_PROTOTYPES = YES;
				CLANG_WARN_SUSPICIOUS_MOVE = YES;
				CLANG_WARN_UNGUARDED_AVAILABILITY = YES_AGGRESSIVE;
				CLANG_WARN_UNREACHABLE_CODE = YES;
				CLANG_WARN__DUPLICATE_METHOD_MATCH = YES;
				COPY_PHASE_STRIP = NO;
				DEBUG_INFORMATION_FORMAT = "dwarf-with-dsym";
				ENABLE_NS_ASSERTIONS = NO;
				ENABLE_STRICT_OBJC_MSGSEND = YES;
				GCC_C_LANGUAGE_STANDARD = gnu11;
				GCC_NO_COMMON_BLOCKS = YES;
				GCC_WARN_64_TO_32_BIT_CONVERSION = YES;
				GCC_WARN_ABOUT_RETURN_TYPE = YES_ERROR;
				GCC_WARN_UNDECLARED_SELECTOR = YES;
				GCC_WARN_UNINITIALIZED_AUTOS = YES_AGGRESSIVE;
				GCC_WARN_UNUSED_FUNCTION = YES;
				GCC_WARN_UNUSED_VARIABLE = YES;
				IPHONEOS_DEPLOYMENT_TARGET = 15.2;
				MTL_ENABLE_DEBUG_INFO = NO;
				MTL_FAST_MATH = YES;
				SDKROOT = iphoneos;
				SWIFT_COMPILATION_MODE = wholemodule;
				SWIFT_OPTIMIZATION_LEVEL = "-O";
				VALIDATE_PRODUCT = YES;
			};
			name = Release;
		};
		7418AFF527AC0F5F00F83CC8 /* Debug */ = {
			isa = XCBuildConfiguration;
			buildSettings = {
				ASSETCATALOG_COMPILER_APPICON_NAME = AppIcon;
				ASSETCATALOG_COMPILER_GLOBAL_ACCENT_COLOR_NAME = AccentColor;
				CODE_SIGN_STYLE = Automatic;
				CURRENT_PROJECT_VERSION = 1;
				GENERATE_INFOPLIST_FILE = YES;
				INFOPLIST_FILE = lightOn/Info.plist;
				INFOPLIST_KEY_UIApplicationSupportsIndirectInputEvents = YES;
				INFOPLIST_KEY_UILaunchStoryboardName = LaunchScreen;
				INFOPLIST_KEY_UIMainStoryboardFile = Main;
				INFOPLIST_KEY_UISupportedInterfaceOrientations_iPad = "UIInterfaceOrientationPortrait UIInterfaceOrientationPortraitUpsideDown UIInterfaceOrientationLandscapeLeft UIInterfaceOrientationLandscapeRight";
				INFOPLIST_KEY_UISupportedInterfaceOrientations_iPhone = "UIInterfaceOrientationPortrait UIInterfaceOrientationLandscapeLeft UIInterfaceOrientationLandscapeRight";
				LD_RUNPATH_SEARCH_PATHS = (
					"$(inherited)",
					"@executable_path/Frameworks",
				);
				MARKETING_VERSION = 1.0;
				PRODUCT_BUNDLE_IDENTIFIER = Igor.Korovyanskiy.lightOn;
				PRODUCT_NAME = "$(TARGET_NAME)";
				SWIFT_EMIT_LOC_STRINGS = YES;
				SWIFT_VERSION = 5.0;
				TARGETED_DEVICE_FAMILY = "1,2";
			};
			name = Debug;
		};
		7418AFF627AC0F5F00F83CC8 /* Release */ = {
			isa = XCBuildConfiguration;
			buildSettings = {
				ASSETCATALOG_COMPILER_APPICON_NAME = AppIcon;
				ASSETCATALOG_COMPILER_GLOBAL_ACCENT_COLOR_NAME = AccentColor;
				CODE_SIGN_STYLE = Automatic;
				CURRENT_PROJECT_VERSION = 1;
				GENERATE_INFOPLIST_FILE = YES;
				INFOPLIST_FILE = lightOn/Info.plist;
				INFOPLIST_KEY_UIApplicationSupportsIndirectInputEvents = YES;
				INFOPLIST_KEY_UILaunchStoryboardName = LaunchScreen;
				INFOPLIST_KEY_UIMainStoryboardFile = Main;
				INFOPLIST_KEY_UISupportedInterfaceOrientations_iPad = "UIInterfaceOrientationPortrait UIInterfaceOrientationPortraitUpsideDown UIInterfaceOrientationLandscapeLeft UIInterfaceOrientationLandscapeRight";
				INFOPLIST_KEY_UISupportedInterfaceOrientations_iPhone = "UIInterfaceOrientationPortrait UIInterfaceOrientationLandscapeLeft UIInterfaceOrientationLandscapeRight";
				LD_RUNPATH_SEARCH_PATHS = (
					"$(inherited)",
					"@executable_path/Frameworks",
				);
				MARKETING_VERSION = 1.0;
				PRODUCT_BUNDLE_IDENTIFIER = Igor.Korovyanskiy.lightOn;
				PRODUCT_NAME = "$(TARGET_NAME)";
				SWIFT_EMIT_LOC_STRINGS = YES;
				SWIFT_VERSION = 5.0;
				TARGETED_DEVICE_FAMILY = "1,2";
			};
			name = Release;
		};
		7418AFF827AC0F5F00F83CC8 /* Debug */ = {
			isa = XCBuildConfiguration;
			buildSettings = {
				ALWAYS_EMBED_SWIFT_STANDARD_LIBRARIES = YES;
				BUNDLE_LOADER = "$(TEST_HOST)";
				CODE_SIGN_STYLE = Automatic;
				CURRENT_PROJECT_VERSION = 1;
				GENERATE_INFOPLIST_FILE = YES;
				IPHONEOS_DEPLOYMENT_TARGET = 15.2;
				MARKETING_VERSION = 1.0;
				PRODUCT_BUNDLE_IDENTIFIER = Igor.Korovyanskiy.lightOnTests;
				PRODUCT_NAME = "$(TARGET_NAME)";
				SWIFT_EMIT_LOC_STRINGS = NO;
				SWIFT_VERSION = 5.0;
				TARGETED_DEVICE_FAMILY = "1,2";
				TEST_HOST = "$(BUILT_PRODUCTS_DIR)/lightOn.app/lightOn";
			};
			name = Debug;
		};
		7418AFF927AC0F5F00F83CC8 /* Release */ = {
			isa = XCBuildConfiguration;
			buildSettings = {
				ALWAYS_EMBED_SWIFT_STANDARD_LIBRARIES = YES;
				BUNDLE_LOADER = "$(TEST_HOST)";
				CODE_SIGN_STYLE = Automatic;
				CURRENT_PROJECT_VERSION = 1;
				GENERATE_INFOPLIST_FILE = YES;
				IPHONEOS_DEPLOYMENT_TARGET = 15.2;
				MARKETING_VERSION = 1.0;
				PRODUCT_BUNDLE_IDENTIFIER = Igor.Korovyanskiy.lightOnTests;
				PRODUCT_NAME = "$(TARGET_NAME)";
				SWIFT_EMIT_LOC_STRINGS = NO;
				SWIFT_VERSION = 5.0;
				TARGETED_DEVICE_FAMILY = "1,2";
				TEST_HOST = "$(BUILT_PRODUCTS_DIR)/lightOn.app/lightOn";
			};
			name = Release;
		};
		7418AFFB27AC0F5F00F83CC8 /* Debug */ = {
			isa = XCBuildConfiguration;
			buildSettings = {
				ALWAYS_EMBED_SWIFT_STANDARD_LIBRARIES = YES;
				CODE_SIGN_STYLE = Automatic;
				CURRENT_PROJECT_VERSION = 1;
				GENERATE_INFOPLIST_FILE = YES;
				MARKETING_VERSION = 1.0;
				PRODUCT_BUNDLE_IDENTIFIER = Igor.Korovyanskiy.lightOnUITests;
				PRODUCT_NAME = "$(TARGET_NAME)";
				SWIFT_EMIT_LOC_STRINGS = NO;
				SWIFT_VERSION = 5.0;
				TARGETED_DEVICE_FAMILY = "1,2";
				TEST_TARGET_NAME = lightOn;
			};
			name = Debug;
		};
		7418AFFC27AC0F5F00F83CC8 /* Release */ = {
			isa = XCBuildConfiguration;
			buildSettings = {
				ALWAYS_EMBED_SWIFT_STANDARD_LIBRARIES = YES;
				CODE_SIGN_STYLE = Automatic;
				CURRENT_PROJECT_VERSION = 1;
				GENERATE_INFOPLIST_FILE = YES;
				MARKETING_VERSION = 1.0;
				PRODUCT_BUNDLE_IDENTIFIER = Igor.Korovyanskiy.lightOnUITests;
				PRODUCT_NAME = "$(TARGET_NAME)";
				SWIFT_EMIT_LOC_STRINGS = NO;
				SWIFT_VERSION = 5.0;
				TARGETED_DEVICE_FAMILY = "1,2";
				TEST_TARGET_NAME = lightOn;
			};
			name = Release;
		};
/* End XCBuildConfiguration section */

/* Begin XCConfigurationList section */
		7418AFC527AC0F5E00F83CC8 /* Build configuration list for PBXProject "lightOn" */ = {
			isa = XCConfigurationList;
			buildConfigurations = (
				7418AFF227AC0F5F00F83CC8 /* Debug */,
				7418AFF327AC0F5F00F83CC8 /* Release */,
			);
			defaultConfigurationIsVisible = 0;
			defaultConfigurationName = Release;
		};
		7418AFF427AC0F5F00F83CC8 /* Build configuration list for PBXNativeTarget "lightOn" */ = {
			isa = XCConfigurationList;
			buildConfigurations = (
				7418AFF527AC0F5F00F83CC8 /* Debug */,
				7418AFF627AC0F5F00F83CC8 /* Release */,
			);
			defaultConfigurationIsVisible = 0;
			defaultConfigurationName = Release;
		};
		7418AFF727AC0F5F00F83CC8 /* Build configuration list for PBXNativeTarget "lightOnTests" */ = {
			isa = XCConfigurationList;
			buildConfigurations = (
				7418AFF827AC0F5F00F83CC8 /* Debug */,
				7418AFF927AC0F5F00F83CC8 /* Release */,
			);
			defaultConfigurationIsVisible = 0;
			defaultConfigurationName = Release;
		};
		7418AFFA27AC0F5F00F83CC8 /* Build configuration list for PBXNativeTarget "lightOnUITests" */ = {
			isa = XCConfigurationList;
			buildConfigurations = (
				7418AFFB27AC0F5F00F83CC8 /* Debug */,
				7418AFFC27AC0F5F00F83CC8 /* Release */,
			);
			defaultConfigurationIsVisible = 0;
			defaultConfigurationName = Release;
		};
/* End XCConfigurationList section */
	};
	rootObject = 7418AFC227AC0F5E00F83CC8 /* Project object */;
}
