// !$*UTF8*$!
{
	archiveVersion = 1;
	classes = {
	};
	objectVersion = 55;
	objects = {

/* Begin PBXBuildFile section */
		7485690827A9588C00160FEA /* Tests_iOS.swift in Sources */ = {isa = PBXBuildFile; fileRef = 7485690727A9588C00160FEA /* Tests_iOS.swift */; };
		7485690A27A9588C00160FEA /* Tests_iOSLaunchTests.swift in Sources */ = {isa = PBXBuildFile; fileRef = 7485690927A9588C00160FEA /* Tests_iOSLaunchTests.swift */; };
		7485691427A9588C00160FEA /* Tests_macOS.swift in Sources */ = {isa = PBXBuildFile; fileRef = 7485691327A9588C00160FEA /* Tests_macOS.swift */; };
		7485691627A9588C00160FEA /* Tests_macOSLaunchTests.swift in Sources */ = {isa = PBXBuildFile; fileRef = 7485691527A9588C00160FEA /* Tests_macOSLaunchTests.swift */; };
		7485691727A9588C00160FEA /* HelloSwiftApp.swift in Sources */ = {isa = PBXBuildFile; fileRef = 748568EF27A9588B00160FEA /* HelloSwiftApp.swift */; };
		7485691827A9588C00160FEA /* HelloSwiftApp.swift in Sources */ = {isa = PBXBuildFile; fileRef = 748568EF27A9588B00160FEA /* HelloSwiftApp.swift */; };
		7485691927A9588C00160FEA /* ContentView.swift in Sources */ = {isa = PBXBuildFile; fileRef = 748568F027A9588B00160FEA /* ContentView.swift */; };
		7485691A27A9588C00160FEA /* ContentView.swift in Sources */ = {isa = PBXBuildFile; fileRef = 748568F027A9588B00160FEA /* ContentView.swift */; };
		7485691B27A9588C00160FEA /* Assets.xcassets in Resources */ = {isa = PBXBuildFile; fileRef = 748568F127A9588C00160FEA /* Assets.xcassets */; };
		7485691C27A9588C00160FEA /* Assets.xcassets in Resources */ = {isa = PBXBuildFile; fileRef = 748568F127A9588C00160FEA /* Assets.xcassets */; };
		7485692F27A95DF000160FEA /* TestFile.swift in Sources */ = {isa = PBXBuildFile; fileRef = 7485692E27A95DF000160FEA /* TestFile.swift */; };
/* End PBXBuildFile section */

/* Begin PBXContainerItemProxy section */
		7485690427A9588C00160FEA /* PBXContainerItemProxy */ = {
			isa = PBXContainerItemProxy;
			containerPortal = 748568EA27A9588B00160FEA /* Project object */;
			proxyType = 1;
			remoteGlobalIDString = 748568F527A9588C00160FEA;
			remoteInfo = "HelloSwift (iOS)";
		};
		7485691027A9588C00160FEA /* PBXContainerItemProxy */ = {
			isa = PBXContainerItemProxy;
			containerPortal = 748568EA27A9588B00160FEA /* Project object */;
			proxyType = 1;
			remoteGlobalIDString = 748568FB27A9588C00160FEA;
			remoteInfo = "HelloSwift (macOS)";
		};
/* End PBXContainerItemProxy section */

/* Begin PBXFileReference section */
		748568EF27A9588B00160FEA /* HelloSwiftApp.swift */ = {isa = PBXFileReference; lastKnownFileType = sourcecode.swift; path = HelloSwiftApp.swift; sourceTree = "<group>"; };
		748568F027A9588B00160FEA /* ContentView.swift */ = {isa = PBXFileReference; lastKnownFileType = sourcecode.swift; path = ContentView.swift; sourceTree = "<group>"; };
		748568F127A9588C00160FEA /* Assets.xcassets */ = {isa = PBXFileReference; lastKnownFileType = folder.assetcatalog; path = Assets.xcassets; sourceTree = "<group>"; };
		748568F627A9588C00160FEA /* HelloSwift.app */ = {isa = PBXFileReference; explicitFileType = wrapper.application; includeInIndex = 0; path = HelloSwift.app; sourceTree = BUILT_PRODUCTS_DIR; };
		748568FC27A9588C00160FEA /* HelloSwift.app */ = {isa = PBXFileReference; explicitFileType = wrapper.application; includeInIndex = 0; path = HelloSwift.app; sourceTree = BUILT_PRODUCTS_DIR; };
		748568FE27A9588C00160FEA /* macOS.entitlements */ = {isa = PBXFileReference; lastKnownFileType = text.plist.entitlements; path = macOS.entitlements; sourceTree = "<group>"; };
		7485690327A9588C00160FEA /* Tests iOS.xctest */ = {isa = PBXFileReference; explicitFileType = wrapper.cfbundle; includeInIndex = 0; path = "Tests iOS.xctest"; sourceTree = BUILT_PRODUCTS_DIR; };
		7485690727A9588C00160FEA /* Tests_iOS.swift */ = {isa = PBXFileReference; lastKnownFileType = sourcecode.swift; path = Tests_iOS.swift; sourceTree = "<group>"; };
		7485690927A9588C00160FEA /* Tests_iOSLaunchTests.swift */ = {isa = PBXFileReference; lastKnownFileType = sourcecode.swift; path = Tests_iOSLaunchTests.swift; sourceTree = "<group>"; };
		7485690F27A9588C00160FEA /* Tests macOS.xctest */ = {isa = PBXFileReference; explicitFileType = wrapper.cfbundle; includeInIndex = 0; path = "Tests macOS.xctest"; sourceTree = BUILT_PRODUCTS_DIR; };
		7485691327A9588C00160FEA /* Tests_macOS.swift */ = {isa = PBXFileReference; lastKnownFileType = sourcecode.swift; path = Tests_macOS.swift; sourceTree = "<group>"; };
		7485691527A9588C00160FEA /* Tests_macOSLaunchTests.swift */ = {isa = PBXFileReference; lastKnownFileType = sourcecode.swift; path = Tests_macOSLaunchTests.swift; sourceTree = "<group>"; };
		7485692E27A95DF000160FEA /* TestFile.swift */ = {isa = PBXFileReference; lastKnownFileType = sourcecode.swift; path = TestFile.swift; sourceTree = "<group>"; };
/* End PBXFileReference section */

/* Begin PBXFrameworksBuildPhase section */
		748568F327A9588C00160FEA /* Frameworks */ = {
			isa = PBXFrameworksBuildPhase;
			buildActionMask = 2147483647;
			files = (
			);
			runOnlyForDeploymentPostprocessing = 0;
		};
		748568F927A9588C00160FEA /* Frameworks */ = {
			isa = PBXFrameworksBuildPhase;
			buildActionMask = 2147483647;
			files = (
			);
			runOnlyForDeploymentPostprocessing = 0;
		};
		7485690027A9588C00160FEA /* Frameworks */ = {
			isa = PBXFrameworksBuildPhase;
			buildActionMask = 2147483647;
			files = (
			);
			runOnlyForDeploymentPostprocessing = 0;
		};
		7485690C27A9588C00160FEA /* Frameworks */ = {
			isa = PBXFrameworksBuildPhase;
			buildActionMask = 2147483647;
			files = (
			);
			runOnlyForDeploymentPostprocessing = 0;
		};
/* End PBXFrameworksBuildPhase section */

/* Begin PBXGroup section */
		748568E927A9588B00160FEA = {
			isa = PBXGroup;
			children = (
				748568EE27A9588B00160FEA /* Shared */,
				748568FD27A9588C00160FEA /* macOS */,
				7485690627A9588C00160FEA /* Tests iOS */,
				7485691227A9588C00160FEA /* Tests macOS */,
				748568F727A9588C00160FEA /* Products */,
			);
			sourceTree = "<group>";
		};
		748568EE27A9588B00160FEA /* Shared */ = {
			isa = PBXGroup;
			children = (
				7485692B27A95D9200160FEA /* Without Folder */,
				748568EF27A9588B00160FEA /* HelloSwiftApp.swift */,
				748568F027A9588B00160FEA /* ContentView.swift */,
				748568F127A9588C00160FEA /* Assets.xcassets */,
			);
			path = Shared;
			sourceTree = "<group>";
		};
		748568F727A9588C00160FEA /* Products */ = {
			isa = PBXGroup;
			children = (
				748568F627A9588C00160FEA /* HelloSwift.app */,
				748568FC27A9588C00160FEA /* HelloSwift.app */,
				7485690327A9588C00160FEA /* Tests iOS.xctest */,
				7485690F27A9588C00160FEA /* Tests macOS.xctest */,
			);
			name = Products;
			sourceTree = "<group>";
		};
		748568FD27A9588C00160FEA /* macOS */ = {
			isa = PBXGroup;
			children = (
				748568FE27A9588C00160FEA /* macOS.entitlements */,
			);
			path = macOS;
			sourceTree = "<group>";
		};
		7485690627A9588C00160FEA /* Tests iOS */ = {
			isa = PBXGroup;
			children = (
				7485690727A9588C00160FEA /* Tests_iOS.swift */,
				7485690927A9588C00160FEA /* Tests_iOSLaunchTests.swift */,
			);
			path = "Tests iOS";
			sourceTree = "<group>";
		};
		7485691227A9588C00160FEA /* Tests macOS */ = {
			isa = PBXGroup;
			children = (
				7485691327A9588C00160FEA /* Tests_macOS.swift */,
				7485691527A9588C00160FEA /* Tests_macOSLaunchTests.swift */,
			);
			path = "Tests macOS";
			sourceTree = "<group>";
		};
		7485692B27A95D9200160FEA /* Without Folder */ = {
			isa = PBXGroup;
			children = (
				7485692C27A95DB200160FEA /* With Folder */,
			);
			name = "Without Folder";
			sourceTree = "<group>";
		};
		7485692C27A95DB200160FEA /* With Folder */ = {
			isa = PBXGroup;
			children = (
				7485692D27A95DC000160FEA /* Without Folder 2 */,
			);
			path = "With Folder";
			sourceTree = "<group>";
		};
		7485692D27A95DC000160FEA /* Without Folder 2 */ = {
			isa = PBXGroup;
			children = (
				7485692E27A95DF000160FEA /* TestFile.swift */,
			);
			name = "Without Folder 2";
			sourceTree = "<group>";
		};
/* End PBXGroup section */

/* Begin PBXNativeTarget section */
		748568F527A9588C00160FEA /* HelloSwift (iOS) */ = {
			isa = PBXNativeTarget;
			buildConfigurationList = 7485691F27A9588C00160FEA /* Build configuration list for PBXNativeTarget "HelloSwift (iOS)" */;
			buildPhases = (
				748568F227A9588C00160FEA /* Sources */,
				748568F327A9588C00160FEA /* Frameworks */,
				748568F427A9588C00160FEA /* Resources */,
			);
			buildRules = (
			);
			dependencies = (
			);
			name = "HelloSwift (iOS)";
			productName = "HelloSwift (iOS)";
			productReference = 748568F627A9588C00160FEA /* HelloSwift.app */;
			productType = "com.apple.product-type.application";
		};
		748568FB27A9588C00160FEA /* HelloSwift (macOS) */ = {
			isa = PBXNativeTarget;
			buildConfigurationList = 7485692227A9588C00160FEA /* Build configuration list for PBXNativeTarget "HelloSwift (macOS)" */;
			buildPhases = (
				748568F827A9588C00160FEA /* Sources */,
				748568F927A9588C00160FEA /* Frameworks */,
				748568FA27A9588C00160FEA /* Resources */,
			);
			buildRules = (
			);
			dependencies = (
			);
			name = "HelloSwift (macOS)";
			productName = "HelloSwift (macOS)";
			productReference = 748568FC27A9588C00160FEA /* HelloSwift.app */;
			productType = "com.apple.product-type.application";
		};
		7485690227A9588C00160FEA /* Tests iOS */ = {
			isa = PBXNativeTarget;
			buildConfigurationList = 7485692527A9588C00160FEA /* Build configuration list for PBXNativeTarget "Tests iOS" */;
			buildPhases = (
				748568FF27A9588C00160FEA /* Sources */,
				7485690027A9588C00160FEA /* Frameworks */,
				7485690127A9588C00160FEA /* Resources */,
			);
			buildRules = (
			);
			dependencies = (
				7485690527A9588C00160FEA /* PBXTargetDependency */,
			);
			name = "Tests iOS";
			productName = "Tests iOS";
			productReference = 7485690327A9588C00160FEA /* Tests iOS.xctest */;
			productType = "com.apple.product-type.bundle.ui-testing";
		};
		7485690E27A9588C00160FEA /* Tests macOS */ = {
			isa = PBXNativeTarget;
			buildConfigurationList = 7485692827A9588C00160FEA /* Build configuration list for PBXNativeTarget "Tests macOS" */;
			buildPhases = (
				7485690B27A9588C00160FEA /* Sources */,
				7485690C27A9588C00160FEA /* Frameworks */,
				7485690D27A9588C00160FEA /* Resources */,
			);
			buildRules = (
			);
			dependencies = (
				7485691127A9588C00160FEA /* PBXTargetDependency */,
			);
			name = "Tests macOS";
			productName = "Tests macOS";
			productReference = 7485690F27A9588C00160FEA /* Tests macOS.xctest */;
			productType = "com.apple.product-type.bundle.ui-testing";
		};
/* End PBXNativeTarget section */

/* Begin PBXProject section */
		748568EA27A9588B00160FEA /* Project object */ = {
			isa = PBXProject;
			attributes = {
				BuildIndependentTargetsInParallel = 1;
				LastSwiftUpdateCheck = 1320;
				LastUpgradeCheck = 1320;
				TargetAttributes = {
					748568F527A9588C00160FEA = {
						CreatedOnToolsVersion = 13.2.1;
					};
					748568FB27A9588C00160FEA = {
						CreatedOnToolsVersion = 13.2.1;
					};
					7485690227A9588C00160FEA = {
						CreatedOnToolsVersion = 13.2.1;
						TestTargetID = 748568F527A9588C00160FEA;
					};
					7485690E27A9588C00160FEA = {
						CreatedOnToolsVersion = 13.2.1;
						TestTargetID = 748568FB27A9588C00160FEA;
					};
				};
			};
			buildConfigurationList = 748568ED27A9588B00160FEA /* Build configuration list for PBXProject "HelloSwift" */;
			compatibilityVersion = "Xcode 13.0";
			developmentRegion = en;
			hasScannedForEncodings = 0;
			knownRegions = (
				en,
				Base,
			);
			mainGroup = 748568E927A9588B00160FEA;
			productRefGroup = 748568F727A9588C00160FEA /* Products */;
			projectDirPath = "";
			projectRoot = "";
			targets = (
				748568F527A9588C00160FEA /* HelloSwift (iOS) */,
				748568FB27A9588C00160FEA /* HelloSwift (macOS) */,
				7485690227A9588C00160FEA /* Tests iOS */,
				7485690E27A9588C00160FEA /* Tests macOS */,
			);
		};
/* End PBXProject section */

/* Begin PBXResourcesBuildPhase section */
		748568F427A9588C00160FEA /* Resources */ = {
			isa = PBXResourcesBuildPhase;
			buildActionMask = 2147483647;
			files = (
				7485691B27A9588C00160FEA /* Assets.xcassets in Resources */,
			);
			runOnlyForDeploymentPostprocessing = 0;
		};
		748568FA27A9588C00160FEA /* Resources */ = {
			isa = PBXResourcesBuildPhase;
			buildActionMask = 2147483647;
			files = (
				7485691C27A9588C00160FEA /* Assets.xcassets in Resources */,
			);
			runOnlyForDeploymentPostprocessing = 0;
		};
		7485690127A9588C00160FEA /* Resources */ = {
			isa = PBXResourcesBuildPhase;
			buildActionMask = 2147483647;
			files = (
			);
			runOnlyForDeploymentPostprocessing = 0;
		};
		7485690D27A9588C00160FEA /* Resources */ = {
			isa = PBXResourcesBuildPhase;
			buildActionMask = 2147483647;
			files = (
			);
			runOnlyForDeploymentPostprocessing = 0;
		};
/* End PBXResourcesBuildPhase section */

/* Begin PBXSourcesBuildPhase section */
		748568F227A9588C00160FEA /* Sources */ = {
			isa = PBXSourcesBuildPhase;
			buildActionMask = 2147483647;
			files = (
				7485692F27A95DF000160FEA /* TestFile.swift in Sources */,
				7485691927A9588C00160FEA /* ContentView.swift in Sources */,
				7485691727A9588C00160FEA /* HelloSwiftApp.swift in Sources */,
			);
			runOnlyForDeploymentPostprocessing = 0;
		};
		748568F827A9588C00160FEA /* Sources */ = {
			isa = PBXSourcesBuildPhase;
			buildActionMask = 2147483647;
			files = (
				7485691A27A9588C00160FEA /* ContentView.swift in Sources */,
				7485691827A9588C00160FEA /* HelloSwiftApp.swift in Sources */,
			);
			runOnlyForDeploymentPostprocessing = 0;
		};
		748568FF27A9588C00160FEA /* Sources */ = {
			isa = PBXSourcesBuildPhase;
			buildActionMask = 2147483647;
			files = (
				7485690A27A9588C00160FEA /* Tests_iOSLaunchTests.swift in Sources */,
				7485690827A9588C00160FEA /* Tests_iOS.swift in Sources */,
			);
			runOnlyForDeploymentPostprocessing = 0;
		};
		7485690B27A9588C00160FEA /* Sources */ = {
			isa = PBXSourcesBuildPhase;
			buildActionMask = 2147483647;
			files = (
				7485691627A9588C00160FEA /* Tests_macOSLaunchTests.swift in Sources */,
				7485691427A9588C00160FEA /* Tests_macOS.swift in Sources */,
			);
			runOnlyForDeploymentPostprocessing = 0;
		};
/* End PBXSourcesBuildPhase section */

/* Begin PBXTargetDependency section */
		7485690527A9588C00160FEA /* PBXTargetDependency */ = {
			isa = PBXTargetDependency;
			target = 748568F527A9588C00160FEA /* HelloSwift (iOS) */;
			targetProxy = 7485690427A9588C00160FEA /* PBXContainerItemProxy */;
		};
		7485691127A9588C00160FEA /* PBXTargetDependency */ = {
			isa = PBXTargetDependency;
			target = 748568FB27A9588C00160FEA /* HelloSwift (macOS) */;
			targetProxy = 7485691027A9588C00160FEA /* PBXContainerItemProxy */;
		};
/* End PBXTargetDependency section */

/* Begin XCBuildConfiguration section */
		7485691D27A9588C00160FEA /* Debug */ = {
			isa = XCBuildConfiguration;
			buildSettings = {
				ALWAYS_SEARCH_USER_PATHS = NO;
				CLANG_ANALYZER_NONNULL = YES;
				CLANG_ANALYZER_NUMBER_OBJECT_CONVERSION = YES_AGGRESSIVE;
				CLANG_CXX_LANGUAGE_STANDARD = "gnu++17";
				CLANG_CXX_LIBRARY = "libc++";
				CLANG_ENABLE_MODULES = YES;
				CLANG_ENABLE_OBJC_ARC = YES;
				CLANG_ENABLE_OBJC_WEAK = YES;
				CLANG_WARN_BLOCK_CAPTURE_AUTORELEASING = YES;
				CLANG_WARN_BOOL_CONVERSION = YES;
				CLANG_WARN_COMMA = YES;
				CLANG_WARN_CONSTANT_CONVERSION = YES;
				CLANG_WARN_DEPRECATED_OBJC_IMPLEMENTATIONS = YES;
				CLANG_WARN_DIRECT_OBJC_ISA_USAGE = YES_ERROR;
				CLANG_WARN_DOCUMENTATION_COMMENTS = YES;
				CLANG_WARN_EMPTY_BODY = YES;
				CLANG_WARN_ENUM_CONVERSION = YES;
				CLANG_WARN_INFINITE_RECURSION = YES;
				CLANG_WARN_INT_CONVERSION = YES;
				CLANG_WARN_NON_LITERAL_NULL_CONVERSION = YES;
				CLANG_WARN_OBJC_IMPLICIT_RETAIN_SELF = YES;
				CLANG_WARN_OBJC_LITERAL_CONVERSION = YES;
				CLANG_WARN_OBJC_ROOT_CLASS = YES_ERROR;
				CLANG_WARN_QUOTED_INCLUDE_IN_FRAMEWORK_HEADER = YES;
				CLANG_WARN_RANGE_LOOP_ANALYSIS = YES;
				CLANG_WARN_STRICT_PROTOTYPES = YES;
				CLANG_WARN_SUSPICIOUS_MOVE = YES;
				CLANG_WARN_UNGUARDED_AVAILABILITY = YES_AGGRESSIVE;
				CLANG_WARN_UNREACHABLE_CODE = YES;
				CLANG_WARN__DUPLICATE_METHOD_MATCH = YES;
				COPY_PHASE_STRIP = NO;
				DEBUG_INFORMATION_FORMAT = dwarf;
				ENABLE_STRICT_OBJC_MSGSEND = YES;
				ENABLE_TESTABILITY = YES;
				GCC_C_LANGUAGE_STANDARD = gnu11;
				GCC_DYNAMIC_NO_PIC = NO;
				GCC_NO_COMMON_BLOCKS = YES;
				GCC_OPTIMIZATION_LEVEL = 0;
				GCC_PREPROCESSOR_DEFINITIONS = (
					"DEBUG=1",
					"$(inherited)",
				);
				GCC_WARN_64_TO_32_BIT_CONVERSION = YES;
				GCC_WARN_ABOUT_RETURN_TYPE = YES_ERROR;
				GCC_WARN_UNDECLARED_SELECTOR = YES;
				GCC_WARN_UNINITIALIZED_AUTOS = YES_AGGRESSIVE;
				GCC_WARN_UNUSED_FUNCTION = YES;
				GCC_WARN_UNUSED_VARIABLE = YES;
				MTL_ENABLE_DEBUG_INFO = INCLUDE_SOURCE;
				MTL_FAST_MATH = YES;
				ONLY_ACTIVE_ARCH = YES;
				SWIFT_ACTIVE_COMPILATION_CONDITIONS = DEBUG;
				SWIFT_OPTIMIZATION_LEVEL = "-Onone";
			};
			name = Debug;
		};
		7485691E27A9588C00160FEA /* Release */ = {
			isa = XCBuildConfiguration;
			buildSettings = {
				ALWAYS_SEARCH_USER_PATHS = NO;
				CLANG_ANALYZER_NONNULL = YES;
				CLANG_ANALYZER_NUMBER_OBJECT_CONVERSION = YES_AGGRESSIVE;
				CLANG_CXX_LANGUAGE_STANDARD = "gnu++17";
				CLANG_CXX_LIBRARY = "libc++";
				CLANG_ENABLE_MODULES = YES;
				CLANG_ENABLE_OBJC_ARC = YES;
				CLANG_ENABLE_OBJC_WEAK = YES;
				CLANG_WARN_BLOCK_CAPTURE_AUTORELEASING = YES;
				CLANG_WARN_BOOL_CONVERSION = YES;
				CLANG_WARN_COMMA = YES;
				CLANG_WARN_CONSTANT_CONVERSION = YES;
				CLANG_WARN_DEPRECATED_OBJC_IMPLEMENTATIONS = YES;
				CLANG_WARN_DIRECT_OBJC_ISA_USAGE = YES_ERROR;
				CLANG_WARN_DOCUMENTATION_COMMENTS = YES;
				CLANG_WARN_EMPTY_BODY = YES;
				CLANG_WARN_ENUM_CONVERSION = YES;
				CLANG_WARN_INFINITE_RECURSION = YES;
				CLANG_WARN_INT_CONVERSION = YES;
				CLANG_WARN_NON_LITERAL_NULL_CONVERSION = YES;
				CLANG_WARN_OBJC_IMPLICIT_RETAIN_SELF = YES;
				CLANG_WARN_OBJC_LITERAL_CONVERSION = YES;
				CLANG_WARN_OBJC_ROOT_CLASS = YES_ERROR;
				CLANG_WARN_QUOTED_INCLUDE_IN_FRAMEWORK_HEADER = YES;
				CLANG_WARN_RANGE_LOOP_ANALYSIS = YES;
				CLANG_WARN_STRICT_PROTOTYPES = YES;
				CLANG_WARN_SUSPICIOUS_MOVE = YES;
				CLANG_WARN_UNGUARDED_AVAILABILITY = YES_AGGRESSIVE;
				CLANG_WARN_UNREACHABLE_CODE = YES;
				CLANG_WARN__DUPLICATE_METHOD_MATCH = YES;
				COPY_PHASE_STRIP = NO;
				DEBUG_INFORMATION_FORMAT = "dwarf-with-dsym";
				ENABLE_NS_ASSERTIONS = NO;
				ENABLE_STRICT_OBJC_MSGSEND = YES;
				GCC_C_LANGUAGE_STANDARD = gnu11;
				GCC_NO_COMMON_BLOCKS = YES;
				GCC_WARN_64_TO_32_BIT_CONVERSION = YES;
				GCC_WARN_ABOUT_RETURN_TYPE = YES_ERROR;
				GCC_WARN_UNDECLARED_SELECTOR = YES;
				GCC_WARN_UNINITIALIZED_AUTOS = YES_AGGRESSIVE;
				GCC_WARN_UNUSED_FUNCTION = YES;
				GCC_WARN_UNUSED_VARIABLE = YES;
				MTL_ENABLE_DEBUG_INFO = NO;
				MTL_FAST_MATH = YES;
				SWIFT_COMPILATION_MODE = wholemodule;
				SWIFT_OPTIMIZATION_LEVEL = "-O";
			};
			name = Release;
		};
		7485692027A9588C00160FEA /* Debug */ = {
			isa = XCBuildConfiguration;
			buildSettings = {
				ASSETCATALOG_COMPILER_APPICON_NAME = AppIcon;
				ASSETCATALOG_COMPILER_GLOBAL_ACCENT_COLOR_NAME = AccentColor;
				CODE_SIGN_STYLE = Automatic;
				CURRENT_PROJECT_VERSION = 1;
				DEVELOPMENT_TEAM = U7ZDXSR8K9;
				ENABLE_PREVIEWS = YES;
				GENERATE_INFOPLIST_FILE = YES;
				INFOPLIST_KEY_UIApplicationSceneManifest_Generation = YES;
				INFOPLIST_KEY_UIApplicationSupportsIndirectInputEvents = YES;
				INFOPLIST_KEY_UILaunchScreen_Generation = YES;
				INFOPLIST_KEY_UISupportedInterfaceOrientations_iPad = "UIInterfaceOrientationPortrait UIInterfaceOrientationPortraitUpsideDown UIInterfaceOrientationLandscapeLeft UIInterfaceOrientationLandscapeRight";
				INFOPLIST_KEY_UISupportedInterfaceOrientations_iPhone = "UIInterfaceOrientationPortrait UIInterfaceOrientationLandscapeLeft UIInterfaceOrientationLandscapeRight";
				IPHONEOS_DEPLOYMENT_TARGET = 15.2;
				LD_RUNPATH_SEARCH_PATHS = (
					"$(inherited)",
					"@executable_path/Frameworks",
				);
				MARKETING_VERSION = 1.0;
				PRODUCT_BUNDLE_IDENTIFIER = Igor.Korovyanskiy.HelloSwift;
				PRODUCT_NAME = HelloSwift;
				SDKROOT = iphoneos;
				SWIFT_EMIT_LOC_STRINGS = YES;
				SWIFT_VERSION = 5.0;
				TARGETED_DEVICE_FAMILY = "1,2";
			};
			name = Debug;
		};
		7485692127A9588C00160FEA /* Release */ = {
			isa = XCBuildConfiguration;
			buildSettings = {
				ASSETCATALOG_COMPILER_APPICON_NAME = AppIcon;
				ASSETCATALOG_COMPILER_GLOBAL_ACCENT_COLOR_NAME = AccentColor;
				CODE_SIGN_STYLE = Automatic;
				CURRENT_PROJECT_VERSION = 1;
				DEVELOPMENT_TEAM = U7ZDXSR8K9;
				ENABLE_PREVIEWS = YES;
				GENERATE_INFOPLIST_FILE = YES;
				INFOPLIST_KEY_UIApplicationSceneManifest_Generation = YES;
				INFOPLIST_KEY_UIApplicationSupportsIndirectInputEvents = YES;
				INFOPLIST_KEY_UILaunchScreen_Generation = YES;
				INFOPLIST_KEY_UISupportedInterfaceOrientations_iPad = "UIInterfaceOrientationPortrait UIInterfaceOrientationPortraitUpsideDown UIInterfaceOrientationLandscapeLeft UIInterfaceOrientationLandscapeRight";
				INFOPLIST_KEY_UISupportedInterfaceOrientations_iPhone = "UIInterfaceOrientationPortrait UIInterfaceOrientationLandscapeLeft UIInterfaceOrientationLandscapeRight";
				IPHONEOS_DEPLOYMENT_TARGET = 15.2;
				LD_RUNPATH_SEARCH_PATHS = (
					"$(inherited)",
					"@executable_path/Frameworks",
				);
				MARKETING_VERSION = 1.0;
				PRODUCT_BUNDLE_IDENTIFIER = Igor.Korovyanskiy.HelloSwift;
				PRODUCT_NAME = HelloSwift;
				SDKROOT = iphoneos;
				SWIFT_EMIT_LOC_STRINGS = YES;
				SWIFT_VERSION = 5.0;
				TARGETED_DEVICE_FAMILY = "1,2";
				VALIDATE_PRODUCT = YES;
			};
			name = Release;
		};
		7485692327A9588C00160FEA /* Debug */ = {
			isa = XCBuildConfiguration;
			buildSettings = {
				ASSETCATALOG_COMPILER_APPICON_NAME = AppIcon;
				ASSETCATALOG_COMPILER_GLOBAL_ACCENT_COLOR_NAME = AccentColor;
				CODE_SIGN_ENTITLEMENTS = macOS/macOS.entitlements;
				CODE_SIGN_STYLE = Automatic;
				COMBINE_HIDPI_IMAGES = YES;
				CURRENT_PROJECT_VERSION = 1;
				ENABLE_PREVIEWS = YES;
				GENERATE_INFOPLIST_FILE = YES;
				INFOPLIST_KEY_NSHumanReadableCopyright = "";
				LD_RUNPATH_SEARCH_PATHS = (
					"$(inherited)",
					"@executable_path/../Frameworks",
				);
				MACOSX_DEPLOYMENT_TARGET = 12.0;
				MARKETING_VERSION = 1.0;
				PRODUCT_BUNDLE_IDENTIFIER = Igor.Korovyanskiy.HelloSwift;
				PRODUCT_NAME = HelloSwift;
				SDKROOT = macosx;
				SWIFT_EMIT_LOC_STRINGS = YES;
				SWIFT_VERSION = 5.0;
			};
			name = Debug;
		};
		7485692427A9588C00160FEA /* Release */ = {
			isa = XCBuildConfiguration;
			buildSettings = {
				ASSETCATALOG_COMPILER_APPICON_NAME = AppIcon;
				ASSETCATALOG_COMPILER_GLOBAL_ACCENT_COLOR_NAME = AccentColor;
				CODE_SIGN_ENTITLEMENTS = macOS/macOS.entitlements;
				CODE_SIGN_STYLE = Automatic;
				COMBINE_HIDPI_IMAGES = YES;
				CURRENT_PROJECT_VERSION = 1;
				ENABLE_PREVIEWS = YES;
				GENERATE_INFOPLIST_FILE = YES;
				INFOPLIST_KEY_NSHumanReadableCopyright = "";
				LD_RUNPATH_SEARCH_PATHS = (
					"$(inherited)",
					"@executable_path/../Frameworks",
				);
				MACOSX_DEPLOYMENT_TARGET = 12.0;
				MARKETING_VERSION = 1.0;
				PRODUCT_BUNDLE_IDENTIFIER = Igor.Korovyanskiy.HelloSwift;
				PRODUCT_NAME = HelloSwift;
				SDKROOT = macosx;
				SWIFT_EMIT_LOC_STRINGS = YES;
				SWIFT_VERSION = 5.0;
			};
			name = Release;
		};
		7485692627A9588C00160FEA /* Debug */ = {
			isa = XCBuildConfiguration;
			buildSettings = {
				ALWAYS_EMBED_SWIFT_STANDARD_LIBRARIES = YES;
				CODE_SIGN_STYLE = Automatic;
				CURRENT_PROJECT_VERSION = 1;
				GENERATE_INFOPLIST_FILE = YES;
				IPHONEOS_DEPLOYMENT_TARGET = 15.2;
				MARKETING_VERSION = 1.0;
				PRODUCT_BUNDLE_IDENTIFIER = "Igor.Korovyanskiy.Tests-iOS";
				PRODUCT_NAME = "$(TARGET_NAME)";
				SDKROOT = iphoneos;
				SWIFT_EMIT_LOC_STRINGS = NO;
				SWIFT_VERSION = 5.0;
				TARGETED_DEVICE_FAMILY = "1,2";
				TEST_TARGET_NAME = "HelloSwift (iOS)";
			};
			name = Debug;
		};
		7485692727A9588C00160FEA /* Release */ = {
			isa = XCBuildConfiguration;
			buildSettings = {
				ALWAYS_EMBED_SWIFT_STANDARD_LIBRARIES = YES;
				CODE_SIGN_STYLE = Automatic;
				CURRENT_PROJECT_VERSION = 1;
				GENERATE_INFOPLIST_FILE = YES;
				IPHONEOS_DEPLOYMENT_TARGET = 15.2;
				MARKETING_VERSION = 1.0;
				PRODUCT_BUNDLE_IDENTIFIER = "Igor.Korovyanskiy.Tests-iOS";
				PRODUCT_NAME = "$(TARGET_NAME)";
				SDKROOT = iphoneos;
				SWIFT_EMIT_LOC_STRINGS = NO;
				SWIFT_VERSION = 5.0;
				TARGETED_DEVICE_FAMILY = "1,2";
				TEST_TARGET_NAME = "HelloSwift (iOS)";
				VALIDATE_PRODUCT = YES;
			};
			name = Release;
		};
		7485692927A9588C00160FEA /* Debug */ = {
			isa = XCBuildConfiguration;
			buildSettings = {
				ALWAYS_EMBED_SWIFT_STANDARD_LIBRARIES = YES;
				CODE_SIGN_STYLE = Automatic;
				CURRENT_PROJECT_VERSION = 1;
				GENERATE_INFOPLIST_FILE = YES;
				MACOSX_DEPLOYMENT_TARGET = 12.0;
				MARKETING_VERSION = 1.0;
				PRODUCT_BUNDLE_IDENTIFIER = "Igor.Korovyanskiy.Tests-macOS";
				PRODUCT_NAME = "$(TARGET_NAME)";
				SDKROOT = macosx;
				SWIFT_EMIT_LOC_STRINGS = NO;
				SWIFT_VERSION = 5.0;
				TEST_TARGET_NAME = "HelloSwift (macOS)";
			};
			name = Debug;
		};
		7485692A27A9588C00160FEA /* Release */ = {
			isa = XCBuildConfiguration;
			buildSettings = {
				ALWAYS_EMBED_SWIFT_STANDARD_LIBRARIES = YES;
				CODE_SIGN_STYLE = Automatic;
				CURRENT_PROJECT_VERSION = 1;
				GENERATE_INFOPLIST_FILE = YES;
				MACOSX_DEPLOYMENT_TARGET = 12.0;
				MARKETING_VERSION = 1.0;
				PRODUCT_BUNDLE_IDENTIFIER = "Igor.Korovyanskiy.Tests-macOS";
				PRODUCT_NAME = "$(TARGET_NAME)";
				SDKROOT = macosx;
				SWIFT_EMIT_LOC_STRINGS = NO;
				SWIFT_VERSION = 5.0;
				TEST_TARGET_NAME = "HelloSwift (macOS)";
			};
			name = Release;
		};
/* End XCBuildConfiguration section */

/* Begin XCConfigurationList section */
		748568ED27A9588B00160FEA /* Build configuration list for PBXProject "HelloSwift" */ = {
			isa = XCConfigurationList;
			buildConfigurations = (
				7485691D27A9588C00160FEA /* Debug */,
				7485691E27A9588C00160FEA /* Release */,
			);
			defaultConfigurationIsVisible = 0;
			defaultConfigurationName = Release;
		};
		7485691F27A9588C00160FEA /* Build configuration list for PBXNativeTarget "HelloSwift (iOS)" */ = {
			isa = XCConfigurationList;
			buildConfigurations = (
				7485692027A9588C00160FEA /* Debug */,
				7485692127A9588C00160FEA /* Release */,
			);
			defaultConfigurationIsVisible = 0;
			defaultConfigurationName = Release;
		};
		7485692227A9588C00160FEA /* Build configuration list for PBXNativeTarget "HelloSwift (macOS)" */ = {
			isa = XCConfigurationList;
			buildConfigurations = (
				7485692327A9588C00160FEA /* Debug */,
				7485692427A9588C00160FEA /* Release */,
			);
			defaultConfigurationIsVisible = 0;
			defaultConfigurationName = Release;
		};
		7485692527A9588C00160FEA /* Build configuration list for PBXNativeTarget "Tests iOS" */ = {
			isa = XCConfigurationList;
			buildConfigurations = (
				7485692627A9588C00160FEA /* Debug */,
				7485692727A9588C00160FEA /* Release */,
			);
			defaultConfigurationIsVisible = 0;
			defaultConfigurationName = Release;
		};
		7485692827A9588C00160FEA /* Build configuration list for PBXNativeTarget "Tests macOS" */ = {
			isa = XCConfigurationList;
			buildConfigurations = (
				7485692927A9588C00160FEA /* Debug */,
				7485692A27A9588C00160FEA /* Release */,
			);
			defaultConfigurationIsVisible = 0;
			defaultConfigurationName = Release;
		};
/* End XCConfigurationList section */
	};
	rootObject = 748568EA27A9588B00160FEA /* Project object */;
}
